# This file is autogenerated, do not edit; changes may be undone by the next 'dep ensure'.


[[projects]]
  branch = "master"
  name = "github.com/drone/drone-plugin-go"
  packages = ["plugin"]
  revision = "d6109f644c5935c22620081b4c234bb2263743c7"

[[projects]]
  branch = "master"
  name = "github.com/gemnasium/migrate"
  packages = [
    "driver",
    "driver/postgres",
    "file",
    "migrate",
    "migrate/direction",
    "pipe"
  ]
  revision = "30abc3eda21e18208e819aaef77f3cf5d05d4be5"

[[projects]]
  branch = "master"
  name = "github.com/jmoiron/sqlx"
  packages = [
    ".",
    "reflectx"
  ]
  revision = "05cef0741ade10ca668982355b3f3f0bcf0ff0a8"

[[projects]]
  branch = "master"
  name = "github.com/lib/pq"
  packages = [
    ".",
    "oid"
  ]
  revision = "88edab0803230a3898347e77b474f8c1820a1f20"

[solve-meta]
  analyzer-name = "dep"
  analyzer-version = 1
  inputs-digest = "e6e978d68175caa6ac29fb811133d07bdee96b6969b27d4df3effcc3eea52ad3"
  solver-name = "gps-cdcl"
  solver-version = 1
