# This file is autogenerated, do not edit; changes may be undone by the next 'dep ensure'.


[[projects]]
  branch = "master"
  name = "github.com/drone/drone-plugin-go"
  packages = ["plugin"]
  revision = "d6109f644c5935c22620081b4c234bb2263743c7"

[[projects]]
  branch = "master"
  name = "github.com/gemnasium/migrate"
  packages = ["driver","driver/postgres","file","migrate","migrate/direction","pipe"]
  revision = "0e161f43df9892cb6f29f16cdbc98b50caa12d55"

[[projects]]
  branch = "master"
  name = "github.com/jmoiron/sqlx"
  packages = [".","reflectx"]
  revision = "d9bd385d68c068f1fabb5057e3dedcbcbb039d0f"

[[projects]]
  branch = "master"
  name = "github.com/lib/pq"
  packages = [".","oid"]
  revision = "b77235e3890a962fe8a6f8c4c7198679ca7814e7"

[solve-meta]
  analyzer-name = "dep"
  analyzer-version = 1
  inputs-digest = "e6e978d68175caa6ac29fb811133d07bdee96b6969b27d4df3effcc3eea52ad3"
  solver-name = "gps-cdcl"
  solver-version = 1
